{
  "version": 4,
  "terraform_version": "0.13.6",
  "serial": 112,
  "lineage": "5199b5db-6587-3fa0-ada2-6610ca69015f",
  "outputs": {
    "config": {
      "value": "ya29.a0ARrdaM9NjAEakqtcVzXTUQWLroITQFH1lcme-_0bsmZLbzZRww4fDx6MKqC8G9582JYKaauzgBOhA-ZBKa6NEKtfbn1PgwHkK5AfnJNHAbpGd7zH99txn8Cx6QdUWXqVYSgoYwRSvHHktTqCFgCaLCGJNUTfrA",
      "type": "string"
    },
    "gke": {
      "value": "-----BEGIN CERTIFICATE-----\nMIIDKzCCAhOgAwIBAgIRAKZkoBN83yZBol0dJoFsFKIwDQYJKoZIhvcNAQELBQAw\nLzEtMCsGA1UEAxMkYzljM2QzMzAtOTAwYS00ZjgwLWJkNzItZTU2YmJiNGU0MGQ2\nMB4XDTIxMDgwMTIzMTE0M1oXDTI2MDgwMTAwMTE0M1owLzEtMCsGA1UEAxMkYzlj\nM2QzMzAtOTAwYS00ZjgwLWJkNzItZTU2YmJiNGU0MGQ2MIIBIjANBgkqhkiG9w0B\nAQEFAAOCAQ8AMIIBCgKCAQEAxfs8sOqxjHQopUQ/o65wDuNeG1OAhW1RUv1EuwyS\nfCBm3s07/XMb72BUPbB4m754eZT95as9OLRtgXGWxr5eNgsSGVbY9pEMY3Gpb8/r\n6nmlmZt24Z3dc0FPHQR2AXGyRIiSGTSb0hKHnGJOagAMdMIicTDrLzrBdTlAOxyx\nx1/xXRM8Ay6aas2J7/d/VHoOoflitAFyUIdOHRDu0wrdTdii3/+0oGfhlh7aqyDs\nvLxkrGPHSH39ptFTfnolHDUVufozUPuGjfwAUv+o5TaqJWfSiqRp0u9hlA8wYqK+\n0sJgo+F2ki3Uah//pF6sM+Cak+19vpaNMNT82syd7PUaywIDAQABo0IwQDAOBgNV\nHQ8BAf8EBAMCAgQwDwYDVR0TAQH/BAUwAwEB/zAdBgNVHQ4EFgQUEFpNmnuPSYTj\nvrBEd1/zBgg+3oMwDQYJKoZIhvcNAQELBQADggEBAHOmgN/gJxx0YNA5F6PYRhwc\nqPGyVk5y8C1P1w1b64QUtpvsvl8EEi6Fx8gfao0d1anErGDwaoyQon8mnv1DRl6k\nLQxYWYNOhzvvti05/7t2raC4cIBn1TMhWLHb8B4+QC72YJwawAtoAd9ZQo2hk7NP\nG84W2GJdDDqI+mJaRywgoZAFE+NzC3LpiAO4rAYIjsg6HhYhdV9iSpXsxO4uv/E5\nuh/tOxA/tqUP8B9SgGOPagQAfXNBWfuTLdNrgwUpG/Wc8ztSAgxlVVpYSxCllpDy\nlbkQzZTFoc4jxlzdJB0e35ZiRnGxgrg78MFdi142y9+q2dwb3V48PTydbSB0fkg=\n-----END CERTIFICATE-----\n",
      "type": "string"
    },
    "host": {
      "value": "https://35.203.97.183",
      "type": "string"
    },
    "sec-ip": {
      "value": [
        [
          {
            "ip_cidr_range": "10.121.128.0/21",
            "range_name": "joe-training-sec-subnet"
          },
          {
            "ip_cidr_range": "10.121.64.0/22",
            "range_name": "joe-training-sec-subnet-two"
          }
        ]
      ],
      "type": [
        "tuple",
        [
          [
            "list",
            [
              "object",
              {
                "ip_cidr_range": "string",
                "range_name": "string"
              }
            ]
          ]
        ]
      ]
    }
  },
  "resources": [
    {
      "mode": "data",
      "type": "google_client_config",
      "name": "current",
      "provider": "provider[\"registry.terraform.io/hashicorp/google\"]",
      "instances": [
        {
          "schema_version": 0,
          "attributes": {
            "access_token": "ya29.a0ARrdaM9NjAEakqtcVzXTUQWLroITQFH1lcme-_0bsmZLbzZRww4fDx6MKqC8G9582JYKaauzgBOhA-ZBKa6NEKtfbn1PgwHkK5AfnJNHAbpGd7zH99txn8Cx6QdUWXqVYSgoYwRSvHHktTqCFgCaLCGJNUTfrA",
            "id": "projects//regions//zones/",
            "project": "",
            "region": "",
            "zone": ""
          }
        }
      ]
    },
    {
      "mode": "data",
      "type": "google_compute_zones",
      "name": "available",
      "provider": "provider[\"registry.terraform.io/hashicorp/google\"]",
      "instances": [
        {
          "schema_version": 0,
          "attributes": {
            "id": "projects/joe-training-uok/regions/northamerica-northeast1",
            "names": [
              "northamerica-northeast1-a",
              "northamerica-northeast1-b",
              "northamerica-northeast1-c"
            ],
            "project": "joe-training-uok",
            "region": "northamerica-northeast1",
            "status": null
          }
        }
      ]
    },
    {
      "mode": "managed",
      "type": "google_project",
      "name": "joe-training",
      "provider": "provider[\"registry.terraform.io/hashicorp/google\"]",
      "instances": [
        {
          "schema_version": 1,
          "attributes": {
            "auto_create_network": true,
            "billing_account": "013645-1B15BB-BAD8A2",
            "folder_id": null,
            "id": "projects/joe-training-uok",
            "labels": {
              "mission": "training",
              "name": "joseph"
            },
            "name": "joe-training-uok",
            "number": "368657821350",
            "org_id": null,
            "project_id": "joe-training-uok",
            "skip_delete": true,
            "timeouts": null
          },
          "private": "eyJlMmJmYjczMC1lY2FhLTExZTYtOGY4OC0zNDM2M2JjN2M0YzAiOnsiY3JlYXRlIjo2MDAwMDAwMDAwMDAsImRlbGV0ZSI6NjAwMDAwMDAwMDAwLCJyZWFkIjo2MDAwMDAwMDAwMDAsInVwZGF0ZSI6NjAwMDAwMDAwMDAwfSwic2NoZW1hX3ZlcnNpb24iOiIxIn0=",
          "dependencies": [
            "random_string.suffix"
          ]
        }
      ]
    },
    {
      "mode": "managed",
      "type": "google_project_service",
      "name": "joe-training_services",
      "provider": "provider[\"registry.terraform.io/hashicorp/google\"]",
      "instances": [
        {
          "index_key": "compute.googleapis.com",
          "schema_version": 0,
          "attributes": {
            "disable_dependent_services": true,
            "disable_on_destroy": true,
            "id": "joe-training-uok/compute.googleapis.com",
            "project": "joe-training-uok",
            "service": "compute.googleapis.com",
            "timeouts": {
              "create": "30m",
              "delete": null,
              "read": null,
              "update": "30m"
            }
          },
          "private": "eyJlMmJmYjczMC1lY2FhLTExZTYtOGY4OC0zNDM2M2JjN2M0YzAiOnsiY3JlYXRlIjoxODAwMDAwMDAwMDAwLCJkZWxldGUiOjEyMDAwMDAwMDAwMDAsInJlYWQiOjYwMDAwMDAwMDAwMCwidXBkYXRlIjoxODAwMDAwMDAwMDAwfX0=",
          "dependencies": [
            "google_project.joe-training",
            "random_string.suffix"
          ]
        },
        {
          "index_key": "container.googleapis.com",
          "schema_version": 0,
          "attributes": {
            "disable_dependent_services": true,
            "disable_on_destroy": true,
            "id": "joe-training-uok/container.googleapis.com",
            "project": "joe-training-uok",
            "service": "container.googleapis.com",
            "timeouts": {
              "create": "30m",
              "delete": null,
              "read": null,
              "update": "30m"
            }
          },
          "private": "eyJlMmJmYjczMC1lY2FhLTExZTYtOGY4OC0zNDM2M2JjN2M0YzAiOnsiY3JlYXRlIjoxODAwMDAwMDAwMDAwLCJkZWxldGUiOjEyMDAwMDAwMDAwMDAsInJlYWQiOjYwMDAwMDAwMDAwMCwidXBkYXRlIjoxODAwMDAwMDAwMDAwfX0=",
          "dependencies": [
            "google_project.joe-training",
            "random_string.suffix"
          ]
        }
      ]
    },
    {
      "mode": "managed",
      "type": "random_string",
      "name": "suffix",
      "provider": "provider[\"registry.terraform.io/hashicorp/random\"]",
      "instances": [
        {
          "schema_version": 1,
          "attributes": {
            "id": "uok",
            "keepers": null,
            "length": 3,
            "lower": true,
            "min_lower": 0,
            "min_numeric": 0,
            "min_special": 0,
            "min_upper": 0,
            "number": false,
            "override_special": null,
            "result": "uok",
            "special": false,
            "upper": false
          },
          "private": "eyJzY2hlbWFfdmVyc2lvbiI6IjEifQ=="
        }
      ]
    },
    {
      "module": "module.gke",
      "mode": "data",
      "type": "google_compute_zones",
      "name": "available",
      "provider": "provider[\"registry.terraform.io/hashicorp/google-beta\"]",
      "instances": [
        {
          "schema_version": 0,
          "attributes": {
            "id": "projects/joe-training-uok/regions/northamerica-northeast1",
            "names": [
              "northamerica-northeast1-a",
              "northamerica-northeast1-b",
              "northamerica-northeast1-c"
            ],
            "project": "joe-training-uok",
            "region": "northamerica-northeast1",
            "status": null
          }
        }
      ]
    },
    {
      "module": "module.gke",
      "mode": "data",
      "type": "google_container_engine_versions",
      "name": "region",
      "provider": "provider[\"registry.terraform.io/hashicorp/google\"]",
      "instances": [
        {
          "schema_version": 0,
          "attributes": {
            "default_cluster_version": "1.20.8-gke.900",
            "id": "2021-08-02 19:52:51.683713 +0000 UTC",
            "latest_master_version": "1.20.8-gke.2100",
            "latest_node_version": "1.20.8-gke.2100",
            "location": "northamerica-northeast1",
            "project": "joe-training-uok",
            "release_channel_default_version": {
              "RAPID": "1.20.8-gke.700",
              "REGULAR": "1.20.8-gke.900",
              "STABLE": "1.18.20-gke.501"
            },
            "valid_master_versions": [
              "1.20.8-gke.2100",
              "1.20.8-gke.900",
              "1.20.8-gke.700",
              "1.19.12-gke.2100",
              "1.19.12-gke.1100",
              "1.19.12-gke.900",
              "1.19.12-gke.700",
              "1.19.11-gke.2101",
              "1.19.11-gke.1701",
              "1.19.10-gke.1701",
              "1.19.10-gke.1601",
              "1.19.10-gke.1001",
              "1.19.10-gke.1000",
              "1.19.9-gke.1900",
              "1.18.20-gke.2300",
              "1.18.20-gke.900",
              "1.18.20-gke.501",
              "1.18.19-gke.2101",
              "1.18.19-gke.1701",
              "1.18.17-gke.1901",
              "1.17.17-gke.9100",
              "1.17.17-gke.8200",
              "1.17.17-gke.7800",
              "1.17.17-gke.7200",
              "1.17.17-gke.6700",
              "1.17.17-gke.6000",
              "1.17.17-gke.5400",
              "1.17.17-gke.4900",
              "1.17.17-gke.4400",
              "1.17.17-gke.3700"
            ],
            "valid_node_versions": [
              "1.20.8-gke.2100",
              "1.20.8-gke.900",
              "1.20.8-gke.700",
              "1.20.7-gke.2200",
              "1.20.7-gke.1800",
              "1.20.6-gke.1400",
              "1.20.6-gke.1000",
              "1.19.12-gke.2100",
              "1.19.12-gke.1100",
              "1.19.12-gke.900",
              "1.19.12-gke.700",
              "1.19.11-gke.2101",
              "1.19.11-gke.2100",
              "1.19.11-gke.1701",
              "1.19.11-gke.1700",
              "1.19.10-gke.1701",
              "1.19.10-gke.1700",
              "1.19.10-gke.1601",
              "1.19.10-gke.1600",
              "1.19.10-gke.1001",
              "1.19.10-gke.1000",
              "1.19.9-gke.1900",
              "1.19.9-gke.1400",
              "1.19.9-gke.700",
              "1.19.9-gke.100",
              "1.19.8-gke.2000",
              "1.19.8-gke.1600",
              "1.19.8-gke.1000",
              "1.19.7-gke.2503",
              "1.19.7-gke.1500",
              "1.19.7-gke.1302",
              "1.19.7-gke.800",
              "1.19.6-gke.1700",
              "1.19.6-gke.1100",
              "1.19.6-gke.600",
              "1.18.20-gke.2300",
              "1.18.20-gke.900",
              "1.18.20-gke.501",
              "1.18.19-gke.2101",
              "1.18.19-gke.2100",
              "1.18.19-gke.1701",
              "1.18.19-gke.1700",
              "1.18.18-gke.1701",
              "1.18.18-gke.1700",
              "1.18.18-gke.1101",
              "1.18.18-gke.1100",
              "1.18.17-gke.1901",
              "1.18.17-gke.1900",
              "1.18.17-gke.1201",
              "1.18.17-gke.1200",
              "1.18.17-gke.700",
              "1.18.17-gke.100",
              "1.18.16-gke.2100",
              "1.18.16-gke.1201",
              "1.18.16-gke.1200",
              "1.18.16-gke.502",
              "1.18.16-gke.500",
              "1.18.16-gke.302",
              "1.18.16-gke.300",
              "1.18.15-gke.2500",
              "1.18.15-gke.1502",
              "1.18.15-gke.1501",
              "1.18.15-gke.1500",
              "1.18.15-gke.1102",
              "1.18.15-gke.1100",
              "1.18.15-gke.800",
              "1.18.14-gke.1600",
              "1.18.14-gke.1200",
              "1.18.12-gke.1210",
              "1.18.12-gke.1206",
              "1.18.12-gke.1205",
              "1.18.12-gke.1201",
              "1.18.12-gke.1200",
              "1.18.12-gke.300",
              "1.18.10-gke.2701",
              "1.18.10-gke.2101",
              "1.18.10-gke.1500",
              "1.18.10-gke.601",
              "1.18.9-gke.2501",
              "1.18.9-gke.1501",
              "1.18.9-gke.801",
              "1.18.6-gke.4801",
              "1.18.6-gke.3504",
              "1.18.6-gke.3503",
              "1.17.17-gke.9100",
              "1.17.17-gke.8500",
              "1.17.17-gke.8200",
              "1.17.17-gke.7800",
              "1.17.17-gke.7200",
              "1.17.17-gke.6700",
              "1.17.17-gke.6000",
              "1.17.17-gke.5400",
              "1.17.17-gke.4900",
              "1.17.17-gke.4400",
              "1.17.17-gke.3700",
              "1.17.17-gke.3000",
              "1.17.17-gke.2800",
              "1.17.17-gke.2500",
              "1.17.17-gke.1500",
              "1.17.17-gke.1101",
              "1.17.17-gke.1100",
              "1.17.17-gke.600",
              "1.17.16-gke.1600",
              "1.17.16-gke.1300",
              "1.17.15-gke.800",
              "1.17.15-gke.300",
              "1.17.14-gke.1600",
              "1.17.14-gke.1200",
              "1.17.14-gke.400",
              "1.17.13-gke.2600",
              "1.17.13-gke.2001",
              "1.17.13-gke.1401",
              "1.17.13-gke.1400",
              "1.17.13-gke.600",
              "1.17.12-gke.2502",
              "1.17.12-gke.1504",
              "1.17.12-gke.1501",
              "1.17.12-gke.500",
              "1.17.9-gke.6300",
              "1.17.9-gke.1504",
              "1.16.15-gke.14800",
              "1.16.15-gke.12500",
              "1.16.15-gke.11800",
              "1.16.15-gke.10600",
              "1.16.15-gke.7801",
              "1.16.15-gke.7800",
              "1.16.15-gke.7300",
              "1.16.15-gke.6900",
              "1.16.15-gke.6000",
              "1.16.15-gke.5500",
              "1.16.15-gke.4901",
              "1.16.15-gke.4301",
              "1.16.15-gke.4300",
              "1.16.15-gke.3500",
              "1.16.15-gke.2601",
              "1.16.15-gke.1600",
              "1.16.15-gke.500",
              "1.16.13-gke.404",
              "1.16.13-gke.403",
              "1.16.13-gke.401",
              "1.16.13-gke.400",
              "1.16.13-gke.1",
              "1.16.11-gke.5",
              "1.16.10-gke.8",
              "1.16.9-gke.6",
              "1.16.9-gke.2",
              "1.16.8-gke.15",
              "1.16.8-gke.12",
              "1.16.8-gke.9",
              "1.15.12-gke.6002",
              "1.15.12-gke.6001",
              "1.15.12-gke.5000",
              "1.15.12-gke.4002",
              "1.15.12-gke.4000",
              "1.15.12-gke.20",
              "1.15.12-gke.17",
              "1.15.12-gke.16",
              "1.15.12-gke.13",
              "1.15.12-gke.9",
              "1.15.12-gke.6",
              "1.15.12-gke.3",
              "1.15.12-gke.2",
              "1.15.11-gke.17",
              "1.15.11-gke.15",
              "1.15.11-gke.13",
              "1.15.11-gke.12",
              "1.15.11-gke.11",
              "1.15.11-gke.9",
              "1.15.11-gke.5",
              "1.15.11-gke.3",
              "1.15.11-gke.1",
              "1.15.9-gke.26",
              "1.15.9-gke.24",
              "1.15.9-gke.22",
              "1.15.9-gke.12",
              "1.15.9-gke.9",
              "1.15.9-gke.8",
              "1.15.8-gke.3",
              "1.15.8-gke.2",
              "1.15.7-gke.23",
              "1.15.7-gke.2",
              "1.15.4-gke.22",
              "1.14.10-gke.1504",
              "1.14.10-gke.902",
              "1.14.10-gke.50",
              "1.14.10-gke.46",
              "1.14.10-gke.45",
              "1.14.10-gke.42",
              "1.14.10-gke.41",
              "1.14.10-gke.40",
              "1.14.10-gke.37",
              "1.14.10-gke.36",
              "1.14.10-gke.34",
              "1.14.10-gke.32",
              "1.14.10-gke.31",
              "1.14.10-gke.27",
              "1.14.10-gke.24",
              "1.14.10-gke.22",
              "1.14.10-gke.21",
              "1.14.10-gke.17",
              "1.14.10-gke.0",
              "1.14.9-gke.23",
              "1.14.9-gke.2",
              "1.14.9-gke.0",
              "1.14.8-gke.33",
              "1.14.8-gke.21",
              "1.14.8-gke.18",
              "1.14.8-gke.17",
              "1.14.8-gke.14",
              "1.14.8-gke.12",
              "1.14.8-gke.7",
              "1.14.8-gke.2",
              "1.14.7-gke.40",
              "1.14.7-gke.25",
              "1.14.7-gke.23",
              "1.14.7-gke.17",
              "1.14.7-gke.14",
              "1.14.7-gke.10",
              "1.14.6-gke.13",
              "1.14.6-gke.2",
              "1.14.6-gke.1",
              "1.14.3-gke.11",
              "1.14.3-gke.10",
              "1.14.3-gke.9",
              "1.14.2-gke.9",
              "1.14.1-gke.5",
              "1.13.12-gke.30",
              "1.13.12-gke.25",
              "1.13.12-gke.17",
              "1.13.12-gke.16",
              "1.13.12-gke.14",
              "1.13.12-gke.13",
              "1.13.12-gke.10",
              "1.13.12-gke.8",
              "1.13.12-gke.4",
              "1.13.12-gke.2",
              "1.13.11-gke.23",
              "1.13.11-gke.15",
              "1.13.11-gke.14",
              "1.13.11-gke.12",
              "1.13.11-gke.11",
              "1.13.11-gke.9",
              "1.13.11-gke.5",
              "1.13.10-gke.7",
              "1.13.10-gke.0",
              "1.13.9-gke.11",
              "1.13.9-gke.3",
              "1.13.7-gke.24",
              "1.13.7-gke.19",
              "1.13.7-gke.15",
              "1.13.7-gke.8",
              "1.13.7-gke.0",
              "1.13.6-gke.13",
              "1.13.6-gke.6",
              "1.13.6-gke.5",
              "1.13.6-gke.0",
              "1.13.5-gke.10",
              "1.12.10-gke.22",
              "1.12.10-gke.20",
              "1.12.10-gke.19",
              "1.12.10-gke.18",
              "1.12.10-gke.17",
              "1.12.10-gke.15",
              "1.12.10-gke.13",
              "1.12.10-gke.11",
              "1.12.10-gke.5",
              "1.12.9-gke.16",
              "1.12.9-gke.15",
              "1.12.9-gke.13",
              "1.12.9-gke.10",
              "1.12.9-gke.7",
              "1.12.9-gke.3",
              "1.12.8-gke.12",
              "1.12.8-gke.10",
              "1.12.8-gke.7",
              "1.12.8-gke.6",
              "1.12.7-gke.26",
              "1.12.7-gke.25",
              "1.12.7-gke.24",
              "1.12.7-gke.22",
              "1.12.7-gke.21",
              "1.12.7-gke.17",
              "1.12.7-gke.10",
              "1.12.7-gke.7",
              "1.12.6-gke.11",
              "1.12.6-gke.10",
              "1.12.6-gke.7",
              "1.12.5-gke.10",
              "1.12.5-gke.5",
              "1.11.10-gke.6",
              "1.11.10-gke.5"
            ],
            "version_prefix": null
          }
        }
      ]
    },
    {
      "module": "module.gke",
      "mode": "data",
      "type": "google_container_engine_versions",
      "name": "zone",
      "provider": "provider[\"registry.terraform.io/hashicorp/google\"]",
      "instances": [
        {
          "schema_version": 0,
          "attributes": {
            "default_cluster_version": "1.20.8-gke.900",
            "id": "2021-08-02 19:52:51.946468 +0000 UTC",
            "latest_master_version": "1.20.8-gke.2100",
            "latest_node_version": "1.20.8-gke.2100",
            "location": "northamerica-northeast1-a",
            "project": "joe-training-uok",
            "release_channel_default_version": {
              "RAPID": "1.20.8-gke.700",
              "REGULAR": "1.20.8-gke.900",
              "STABLE": "1.18.20-gke.501"
            },
            "valid_master_versions": [
              "1.20.8-gke.2100",
              "1.20.8-gke.900",
              "1.20.8-gke.700",
              "1.19.12-gke.2100",
              "1.19.12-gke.1100",
              "1.19.12-gke.900",
              "1.19.12-gke.700",
              "1.19.11-gke.2101",
              "1.19.11-gke.1701",
              "1.19.10-gke.1701",
              "1.19.10-gke.1601",
              "1.19.10-gke.1001",
              "1.19.10-gke.1000",
              "1.19.9-gke.1900",
              "1.18.20-gke.2300",
              "1.18.20-gke.900",
              "1.18.20-gke.501",
              "1.18.19-gke.2101",
              "1.18.19-gke.1701",
              "1.18.17-gke.1901",
              "1.17.17-gke.9100",
              "1.17.17-gke.8200",
              "1.17.17-gke.7800",
              "1.17.17-gke.7200",
              "1.17.17-gke.6700",
              "1.17.17-gke.6000",
              "1.17.17-gke.5400",
              "1.17.17-gke.4900",
              "1.17.17-gke.4400",
              "1.17.17-gke.3700"
            ],
            "valid_node_versions": [
              "1.20.8-gke.2100",
              "1.20.8-gke.900",
              "1.20.8-gke.700",
              "1.20.7-gke.2200",
              "1.20.7-gke.1800",
              "1.20.6-gke.1400",
              "1.20.6-gke.1000",
              "1.19.12-gke.2100",
              "1.19.12-gke.1100",
              "1.19.12-gke.900",
              "1.19.12-gke.700",
              "1.19.11-gke.2101",
              "1.19.11-gke.2100",
              "1.19.11-gke.1701",
              "1.19.11-gke.1700",
              "1.19.10-gke.1701",
              "1.19.10-gke.1700",
              "1.19.10-gke.1601",
              "1.19.10-gke.1600",
              "1.19.10-gke.1001",
              "1.19.10-gke.1000",
              "1.19.9-gke.1900",
              "1.19.9-gke.1400",
              "1.19.9-gke.700",
              "1.19.9-gke.100",
              "1.19.8-gke.2000",
              "1.19.8-gke.1600",
              "1.19.8-gke.1000",
              "1.19.7-gke.2503",
              "1.19.7-gke.1500",
              "1.19.7-gke.1302",
              "1.19.7-gke.800",
              "1.19.6-gke.1700",
              "1.19.6-gke.1100",
              "1.19.6-gke.600",
              "1.18.20-gke.2300",
              "1.18.20-gke.900",
              "1.18.20-gke.501",
              "1.18.19-gke.2101",
              "1.18.19-gke.2100",
              "1.18.19-gke.1701",
              "1.18.19-gke.1700",
              "1.18.18-gke.1701",
              "1.18.18-gke.1700",
              "1.18.18-gke.1101",
              "1.18.18-gke.1100",
              "1.18.17-gke.1901",
              "1.18.17-gke.1900",
              "1.18.17-gke.1201",
              "1.18.17-gke.1200",
              "1.18.17-gke.700",
              "1.18.17-gke.100",
              "1.18.16-gke.2100",
              "1.18.16-gke.1201",
              "1.18.16-gke.1200",
              "1.18.16-gke.502",
              "1.18.16-gke.500",
              "1.18.16-gke.302",
              "1.18.16-gke.300",
              "1.18.15-gke.2500",
              "1.18.15-gke.1502",
              "1.18.15-gke.1501",
              "1.18.15-gke.1500",
              "1.18.15-gke.1102",
              "1.18.15-gke.1100",
              "1.18.15-gke.800",
              "1.18.14-gke.1600",
              "1.18.14-gke.1200",
              "1.18.12-gke.1210",
              "1.18.12-gke.1206",
              "1.18.12-gke.1205",
              "1.18.12-gke.1201",
              "1.18.12-gke.1200",
              "1.18.12-gke.300",
              "1.18.10-gke.2701",
              "1.18.10-gke.2101",
              "1.18.10-gke.1500",
              "1.18.10-gke.601",
              "1.18.9-gke.2501",
              "1.18.9-gke.1501",
              "1.18.9-gke.801",
              "1.18.6-gke.4801",
              "1.18.6-gke.3504",
              "1.18.6-gke.3503",
              "1.17.17-gke.9100",
              "1.17.17-gke.8500",
              "1.17.17-gke.8200",
              "1.17.17-gke.7800",
              "1.17.17-gke.7200",
              "1.17.17-gke.6700",
              "1.17.17-gke.6000",
              "1.17.17-gke.5400",
              "1.17.17-gke.4900",
              "1.17.17-gke.4400",
              "1.17.17-gke.3700",
              "1.17.17-gke.3000",
              "1.17.17-gke.2800",
              "1.17.17-gke.2500",
              "1.17.17-gke.1500",
              "1.17.17-gke.1101",
              "1.17.17-gke.1100",
              "1.17.17-gke.600",
              "1.17.16-gke.1600",
              "1.17.16-gke.1300",
              "1.17.15-gke.800",
              "1.17.15-gke.300",
              "1.17.14-gke.1600",
              "1.17.14-gke.1200",
              "1.17.14-gke.400",
              "1.17.13-gke.2600",
              "1.17.13-gke.2001",
              "1.17.13-gke.1401",
              "1.17.13-gke.1400",
              "1.17.13-gke.600",
              "1.17.12-gke.2502",
              "1.17.12-gke.1504",
              "1.17.12-gke.1501",
              "1.17.12-gke.500",
              "1.17.9-gke.6300",
              "1.17.9-gke.1504",
              "1.16.15-gke.14800",
              "1.16.15-gke.12500",
              "1.16.15-gke.11800",
              "1.16.15-gke.10600",
              "1.16.15-gke.7801",
              "1.16.15-gke.7800",
              "1.16.15-gke.7300",
              "1.16.15-gke.6900",
              "1.16.15-gke.6000",
              "1.16.15-gke.5500",
              "1.16.15-gke.4901",
              "1.16.15-gke.4301",
              "1.16.15-gke.4300",
              "1.16.15-gke.3500",
              "1.16.15-gke.2601",
              "1.16.15-gke.1600",
              "1.16.15-gke.500",
              "1.16.13-gke.404",
              "1.16.13-gke.403",
              "1.16.13-gke.401",
              "1.16.13-gke.400",
              "1.16.13-gke.1",
              "1.16.11-gke.5",
              "1.16.10-gke.8",
              "1.16.9-gke.6",
              "1.16.9-gke.2",
              "1.16.8-gke.15",
              "1.16.8-gke.12",
              "1.16.8-gke.9",
              "1.15.12-gke.6002",
              "1.15.12-gke.6001",
              "1.15.12-gke.5000",
              "1.15.12-gke.4002",
              "1.15.12-gke.4000",
              "1.15.12-gke.20",
              "1.15.12-gke.17",
              "1.15.12-gke.16",
              "1.15.12-gke.13",
              "1.15.12-gke.9",
              "1.15.12-gke.6",
              "1.15.12-gke.3",
              "1.15.12-gke.2",
              "1.15.11-gke.17",
              "1.15.11-gke.15",
              "1.15.11-gke.13",
              "1.15.11-gke.12",
              "1.15.11-gke.11",
              "1.15.11-gke.9",
              "1.15.11-gke.5",
              "1.15.11-gke.3",
              "1.15.11-gke.1",
              "1.15.9-gke.26",
              "1.15.9-gke.24",
              "1.15.9-gke.22",
              "1.15.9-gke.12",
              "1.15.9-gke.9",
              "1.15.9-gke.8",
              "1.15.8-gke.3",
              "1.15.8-gke.2",
              "1.15.7-gke.23",
              "1.15.7-gke.2",
              "1.15.4-gke.22",
              "1.14.10-gke.1504",
              "1.14.10-gke.902",
              "1.14.10-gke.50",
              "1.14.10-gke.46",
              "1.14.10-gke.45",
              "1.14.10-gke.42",
              "1.14.10-gke.41",
              "1.14.10-gke.40",
              "1.14.10-gke.37",
              "1.14.10-gke.36",
              "1.14.10-gke.34",
              "1.14.10-gke.32",
              "1.14.10-gke.31",
              "1.14.10-gke.27",
              "1.14.10-gke.24",
              "1.14.10-gke.22",
              "1.14.10-gke.21",
              "1.14.10-gke.17",
              "1.14.10-gke.0",
              "1.14.9-gke.23",
              "1.14.9-gke.2",
              "1.14.9-gke.0",
              "1.14.8-gke.33",
              "1.14.8-gke.21",
              "1.14.8-gke.18",
              "1.14.8-gke.17",
              "1.14.8-gke.14",
              "1.14.8-gke.12",
              "1.14.8-gke.7",
              "1.14.8-gke.2",
              "1.14.7-gke.40",
              "1.14.7-gke.25",
              "1.14.7-gke.23",
              "1.14.7-gke.17",
              "1.14.7-gke.14",
              "1.14.7-gke.10",
              "1.14.6-gke.13",
              "1.14.6-gke.2",
              "1.14.6-gke.1",
              "1.14.3-gke.11",
              "1.14.3-gke.10",
              "1.14.3-gke.9",
              "1.14.2-gke.9",
              "1.14.1-gke.5",
              "1.13.12-gke.30",
              "1.13.12-gke.25",
              "1.13.12-gke.17",
              "1.13.12-gke.16",
              "1.13.12-gke.14",
              "1.13.12-gke.13",
              "1.13.12-gke.10",
              "1.13.12-gke.8",
              "1.13.12-gke.4",
              "1.13.12-gke.2",
              "1.13.11-gke.23",
              "1.13.11-gke.15",
              "1.13.11-gke.14",
              "1.13.11-gke.12",
              "1.13.11-gke.11",
              "1.13.11-gke.9",
              "1.13.11-gke.5",
              "1.13.10-gke.7",
              "1.13.10-gke.0",
              "1.13.9-gke.11",
              "1.13.9-gke.3",
              "1.13.7-gke.24",
              "1.13.7-gke.19",
              "1.13.7-gke.15",
              "1.13.7-gke.8",
              "1.13.7-gke.0",
              "1.13.6-gke.13",
              "1.13.6-gke.6",
              "1.13.6-gke.5",
              "1.13.6-gke.0",
              "1.13.5-gke.10",
              "1.12.10-gke.22",
              "1.12.10-gke.20",
              "1.12.10-gke.19",
              "1.12.10-gke.18",
              "1.12.10-gke.17",
              "1.12.10-gke.15",
              "1.12.10-gke.13",
              "1.12.10-gke.11",
              "1.12.10-gke.5",
              "1.12.9-gke.16",
              "1.12.9-gke.15",
              "1.12.9-gke.13",
              "1.12.9-gke.10",
              "1.12.9-gke.7",
              "1.12.9-gke.3",
              "1.12.8-gke.12",
              "1.12.8-gke.10",
              "1.12.8-gke.7",
              "1.12.8-gke.6",
              "1.12.7-gke.26",
              "1.12.7-gke.25",
              "1.12.7-gke.24",
              "1.12.7-gke.22",
              "1.12.7-gke.21",
              "1.12.7-gke.17",
              "1.12.7-gke.10",
              "1.12.7-gke.7",
              "1.12.6-gke.11",
              "1.12.6-gke.10",
              "1.12.6-gke.7",
              "1.12.5-gke.10",
              "1.12.5-gke.5",
              "1.11.10-gke.6",
              "1.11.10-gke.5"
            ],
            "version_prefix": null
          }
        }
      ]
    },
    {
      "module": "module.gke",
      "mode": "managed",
      "type": "google_container_cluster",
      "name": "primary",
      "provider": "provider[\"registry.terraform.io/hashicorp/google-beta\"]",
      "instances": [
        {
          "schema_version": 1,
          "attributes": {
            "addons_config": [
              {
                "cloudrun_config": [],
                "config_connector_config": [
                  {
                    "enabled": false
                  }
                ],
                "dns_cache_config": [
                  {
                    "enabled": false
                  }
                ],
                "gce_persistent_disk_csi_driver_config": [
                  {
                    "enabled": false
                  }
                ],
                "horizontal_pod_autoscaling": [
                  {
                    "disabled": false
                  }
                ],
                "http_load_balancing": [
                  {
                    "disabled": false
                  }
                ],
                "istio_config": [
                  {
                    "auth": "AUTH_MUTUAL_TLS",
                    "disabled": true
                  }
                ],
                "kalm_config": [
                  {
                    "enabled": false
                  }
                ],
                "network_policy_config": [
                  {
                    "disabled": false
                  }
                ]
              }
            ],
            "authenticator_groups_config": [],
            "cluster_autoscaling": [
              {
                "auto_provisioning_defaults": [],
                "autoscaling_profile": "BALANCED",
                "enabled": false,
                "resource_limits": []
              }
            ],
            "cluster_ipv4_cidr": "10.121.128.0/21",
            "cluster_telemetry": [
              {
                "type": "ENABLED"
              }
            ],
            "confidential_nodes": [],
            "database_encryption": [
              {
                "key_name": "",
                "state": "DECRYPTED"
              }
            ],
            "datapath_provider": "",
            "default_max_pods_per_node": 110,
            "default_snat_status": [
              {
                "disabled": false
              }
            ],
            "description": "",
            "enable_autopilot": false,
            "enable_binary_authorization": false,
            "enable_intranode_visibility": false,
            "enable_kubernetes_alpha": false,
            "enable_l4_ilb_subsetting": false,
            "enable_legacy_abac": false,
            "enable_shielded_nodes": true,
            "enable_tpu": false,
            "endpoint": "35.203.97.183",
            "id": "projects/joe-training-uok/locations/northamerica-northeast1/clusters/joe-training-uok",
            "initial_node_count": 0,
            "instance_group_urls": [
              "https://www.googleapis.com/compute/beta/projects/joe-training-uok/zones/northamerica-northeast1-a/instanceGroups/gke-joe-training-uok-default-node-poo-22ef80da-grp",
              "https://www.googleapis.com/compute/beta/projects/joe-training-uok/zones/northamerica-northeast1-b/instanceGroups/gke-joe-training-uok-default-node-poo-209e47a4-grp",
              "https://www.googleapis.com/compute/beta/projects/joe-training-uok/zones/northamerica-northeast1-c/instanceGroups/gke-joe-training-uok-default-node-poo-2eced152-grp"
            ],
            "ip_allocation_policy": [
              {
                "cluster_ipv4_cidr_block": "10.121.128.0/21",
                "cluster_secondary_range_name": "joe-training-sec-subnet",
                "services_ipv4_cidr_block": "10.121.64.0/22",
                "services_secondary_range_name": "joe-training-sec-subnet-two"
              }
            ],
            "label_fingerprint": "9c2f5785",
            "location": "northamerica-northeast1",
            "logging_service": "logging.googleapis.com/kubernetes",
            "maintenance_policy": [
              {
                "daily_maintenance_window": [
                  {
                    "duration": "PT4H0M0S",
                    "start_time": "05:00"
                  }
                ],
                "maintenance_exclusion": [],
                "recurring_window": []
              }
            ],
            "master_auth": [
              {
                "client_certificate": "",
                "client_certificate_config": [
                  {
                    "issue_client_certificate": false
                  }
                ],
                "client_key": "",
                "cluster_ca_certificate": "LS0tLS1CRUdJTiBDRVJUSUZJQ0FURS0tLS0tCk1JSURLekNDQWhPZ0F3SUJBZ0lSQUtaa29CTjgzeVpCb2wwZEpvRnNGS0l3RFFZSktvWklodmNOQVFFTEJRQXcKTHpFdE1Dc0dBMVVFQXhNa1l6bGpNMlF6TXpBdE9UQXdZUzAwWmpnd0xXSmtOekl0WlRVMlltSmlOR1UwTUdRMgpNQjRYRFRJeE1EZ3dNVEl6TVRFME0xb1hEVEkyTURnd01UQXdNVEUwTTFvd0x6RXRNQ3NHQTFVRUF4TWtZemxqCk0yUXpNekF0T1RBd1lTMDBaamd3TFdKa056SXRaVFUyWW1KaU5HVTBNR1EyTUlJQklqQU5CZ2txaGtpRzl3MEIKQVFFRkFBT0NBUThBTUlJQkNnS0NBUUVBeGZzOHNPcXhqSFFvcFVRL282NXdEdU5lRzFPQWhXMVJVdjFFdXd5UwpmQ0JtM3MwNy9YTWI3MkJVUGJCNG03NTRlWlQ5NWFzOU9MUnRnWEdXeHI1ZU5nc1NHVmJZOXBFTVkzR3BiOC9yCjZubWxtWnQyNFozZGMwRlBIUVIyQVhHeVJJaVNHVFNiMGhLSG5HSk9hZ0FNZE1JaWNURHJMenJCZFRsQU94eXgKeDEveFhSTThBeTZhYXMySjcvZC9WSG9Pb2ZsaXRBRnlVSWRPSFJEdTB3cmRUZGlpMy8rMG9HZmhsaDdhcXlEcwp2THhrckdQSFNIMzlwdEZUZm5vbEhEVVZ1Zm96VVB1R2pmd0FVditvNVRhcUpXZlNpcVJwMHU5aGxBOHdZcUsrCjBzSmdvK0Yya2kzVWFoLy9wRjZzTStDYWsrMTl2cGFOTU5UODJzeWQ3UFVheXdJREFRQUJvMEl3UURBT0JnTlYKSFE4QkFmOEVCQU1DQWdRd0R3WURWUjBUQVFIL0JBVXdBd0VCL3pBZEJnTlZIUTRFRmdRVUVGcE5tbnVQU1lUagp2ckJFZDEvekJnZyszb013RFFZSktvWklodmNOQVFFTEJRQURnZ0VCQUhPbWdOL2dKeHgwWU5BNUY2UFlSaHdjCnFQR3lWazV5OEMxUDF3MWI2NFFVdHB2c3ZsOEVFaTZGeDhnZmFvMGQxYW5FckdEd2FveVFvbjhtbnYxRFJsNmsKTFF4WVdZTk9oenZ2dGkwNS83dDJyYUM0Y0lCbjFUTWhXTEhiOEI0K1FDNzJZSndhd0F0b0FkOVpRbzJoazdOUApHODRXMkdKZEREcUkrbUphUnl3Z29aQUZFK056QzNMcGlBTzRyQVlJanNnNkhoWWhkVjlpU3BYc3hPNHV2L0U1CnVoL3RPeEEvdHFVUDhCOVNnR09QYWdRQWZYTkJXZnVUTGROcmd3VXBHL1djOHp0U0FneGxWVnBZU3hDbGxwRHkKbGJrUXpaVEZvYzRqeGx6ZEpCMGUzNVppUm5HeGdyZzc4TUZkaTE0Mnk5K3EyZHdiM1Y0OFBUeWRiU0IwZmtnPQotLS0tLUVORCBDRVJUSUZJQ0FURS0tLS0tCg==",
                "password": "",
                "username": ""
              }
            ],
            "master_authorized_networks_config": [],
            "master_version": "1.19.12-gke.2100",
            "min_master_version": "1.19.12-gke.2100",
            "monitoring_service": "monitoring.googleapis.com/kubernetes",
            "name": "joe-training-uok",
            "network": "projects/joe-training-uok/global/networks/joe-training-network",
            "network_policy": [
              {
                "enabled": true,
                "provider": "CALICO"
              }
            ],
            "networking_mode": "VPC_NATIVE",
            "node_config": [
              {
                "boot_disk_kms_key": "",
                "disk_size_gb": 100,
                "disk_type": "pd-standard",
                "ephemeral_storage_config": [],
                "guest_accelerator": [],
                "image_type": "COS",
                "kubelet_config": [],
                "labels": {
                  "cluster_name": "joe-training-uok",
                  "node_pool": "default-node-pool"
                },
                "linux_node_config": [],
                "local_ssd_count": 0,
                "machine_type": "e2-medium",
                "metadata": {
                  "cluster_name": "joe-training-uok",
                  "disable-legacy-endpoints": "true",
                  "node_pool": "default-node-pool"
                },
                "min_cpu_platform": "",
                "oauth_scopes": [
                  "https://www.googleapis.com/auth/cloud-platform"
                ],
                "preemptible": false,
                "sandbox_config": [],
                "service_account": "tf-gke-joe-training-uo-6qhm@joe-training-uok.iam.gserviceaccount.com",
                "shielded_instance_config": [
                  {
                    "enable_integrity_monitoring": true,
                    "enable_secure_boot": false
                  }
                ],
                "tags": [
                  "gke-joe-training-uok",
                  "gke-joe-training-uok-default-node-pool"
                ],
                "taint": [],
                "workload_metadata_config": [
                  {
                    "node_metadata": "GKE_METADATA_SERVER"
                  }
                ]
              }
            ],
            "node_locations": [
              "northamerica-northeast1-a",
              "northamerica-northeast1-b",
              "northamerica-northeast1-c"
            ],
            "node_pool": [
              {
                "autoscaling": [
                  {
                    "max_node_count": 100,
                    "min_node_count": 1
                  }
                ],
                "initial_node_count": 1,
                "instance_group_urls": [
                  "https://www.googleapis.com/compute/v1/projects/joe-training-uok/zones/northamerica-northeast1-a/instanceGroupManagers/gke-joe-training-uok-default-node-poo-22ef80da-grp",
                  "https://www.googleapis.com/compute/v1/projects/joe-training-uok/zones/northamerica-northeast1-b/instanceGroupManagers/gke-joe-training-uok-default-node-poo-209e47a4-grp",
                  "https://www.googleapis.com/compute/v1/projects/joe-training-uok/zones/northamerica-northeast1-c/instanceGroupManagers/gke-joe-training-uok-default-node-poo-2eced152-grp"
                ],
                "management": [
                  {
                    "auto_repair": true,
                    "auto_upgrade": true
                  }
                ],
                "max_pods_per_node": 110,
                "name": "default-node-pool",
                "name_prefix": "",
                "node_config": [
                  {
                    "boot_disk_kms_key": "",
                    "disk_size_gb": 100,
                    "disk_type": "pd-standard",
                    "ephemeral_storage_config": [],
                    "guest_accelerator": [],
                    "image_type": "COS",
                    "kubelet_config": [],
                    "labels": {
                      "cluster_name": "joe-training-uok",
                      "node_pool": "default-node-pool"
                    },
                    "linux_node_config": [],
                    "local_ssd_count": 0,
                    "machine_type": "e2-medium",
                    "metadata": {
                      "cluster_name": "joe-training-uok",
                      "disable-legacy-endpoints": "true",
                      "node_pool": "default-node-pool"
                    },
                    "min_cpu_platform": "",
                    "oauth_scopes": [
                      "https://www.googleapis.com/auth/cloud-platform"
                    ],
                    "preemptible": false,
                    "sandbox_config": [],
                    "service_account": "tf-gke-joe-training-uo-6qhm@joe-training-uok.iam.gserviceaccount.com",
                    "shielded_instance_config": [
                      {
                        "enable_integrity_monitoring": true,
                        "enable_secure_boot": false
                      }
                    ],
                    "tags": [
                      "gke-joe-training-uok",
                      "gke-joe-training-uok-default-node-pool"
                    ],
                    "taint": [],
                    "workload_metadata_config": [
                      {
                        "node_metadata": "GKE_METADATA_SERVER"
                      }
                    ]
                  }
                ],
                "node_count": 1,
                "node_locations": [
                  "northamerica-northeast1-a",
                  "northamerica-northeast1-b",
                  "northamerica-northeast1-c"
                ],
                "upgrade_settings": [
                  {
                    "max_surge": 1,
                    "max_unavailable": 0
                  }
                ],
                "version": "1.19.12-gke.2100"
              }
            ],
            "node_version": "1.19.12-gke.2100",
            "notification_config": [
              {
                "pubsub": [
                  {
                    "enabled": false,
                    "topic": ""
                  }
                ]
              }
            ],
            "operation": null,
            "pod_security_policy_config": [
              {
                "enabled": false
              }
            ],
            "private_cluster_config": [],
            "private_ipv6_google_access": "",
            "project": "joe-training-uok",
            "release_channel": [
              {
                "channel": "UNSPECIFIED"
              }
            ],
            "remove_default_node_pool": true,
            "resource_labels": {
              "mission": "training",
              "name": "joseph"
            },
            "resource_usage_export_config": [],
            "self_link": "https://container.googleapis.com/v1beta1/projects/joe-training-uok/locations/northamerica-northeast1/clusters/joe-training-uok",
            "services_ipv4_cidr": "10.121.64.0/22",
            "subnetwork": "projects/joe-training-uok/regions/northamerica-northeast1/subnetworks/joe-training-subnet",
            "timeouts": {
              "create": "45m",
              "delete": "45m",
              "read": null,
              "update": "45m"
            },
            "tpu_ipv4_cidr_block": "",
            "vertical_pod_autoscaling": [
              {
                "enabled": false
              }
            ],
            "workload_identity_config": [
              {
                "identity_namespace": "joe-training-uok.svc.id.goog"
              }
            ]
          },
          "private": "eyJlMmJmYjczMC1lY2FhLTExZTYtOGY4OC0zNDM2M2JjN2M0YzAiOnsiY3JlYXRlIjoyNzAwMDAwMDAwMDAwLCJkZWxldGUiOjI3MDAwMDAwMDAwMDAsInJlYWQiOjI0MDAwMDAwMDAwMDAsInVwZGF0ZSI6MjcwMDAwMDAwMDAwMH0sInNjaGVtYV92ZXJzaW9uIjoiMSJ9",
          "dependencies": [
            "data.google_compute_zones.available",
            "google_project.joe-training",
            "module.gke.data.google_compute_zones.available",
            "module.gke.data.google_container_engine_versions.region",
            "module.gke.data.google_container_engine_versions.zone",
            "module.gke.google_service_account.cluster_service_account",
            "module.gke.random_shuffle.available_zones",
            "module.gke.random_string.cluster_service_account_suffix",
            "module.vpc.module.subnets.google_compute_subnetwork.subnetwork",
            "module.vpc.module.vpc.google_compute_network.network"
          ]
        }
      ]
    },
    {
      "module": "module.gke",
      "mode": "managed",
      "type": "google_container_node_pool",
      "name": "pools",
      "provider": "provider[\"registry.terraform.io/hashicorp/google-beta\"]",
      "instances": [
        {
          "index_key": "default-node-pool",
          "schema_version": 1,
          "attributes": {
            "autoscaling": [
              {
                "max_node_count": 100,
                "min_node_count": 1
              }
            ],
            "cluster": "joe-training-uok",
            "id": "projects/joe-training-uok/locations/northamerica-northeast1/clusters/joe-training-uok/nodePools/default-node-pool",
            "initial_node_count": 1,
            "instance_group_urls": [
              "https://www.googleapis.com/compute/v1/projects/joe-training-uok/zones/northamerica-northeast1-a/instanceGroupManagers/gke-joe-training-uok-default-node-poo-22ef80da-grp",
              "https://www.googleapis.com/compute/v1/projects/joe-training-uok/zones/northamerica-northeast1-b/instanceGroupManagers/gke-joe-training-uok-default-node-poo-209e47a4-grp",
              "https://www.googleapis.com/compute/v1/projects/joe-training-uok/zones/northamerica-northeast1-c/instanceGroupManagers/gke-joe-training-uok-default-node-poo-2eced152-grp"
            ],
            "location": "northamerica-northeast1",
            "management": [
              {
                "auto_repair": true,
                "auto_upgrade": true
              }
            ],
            "max_pods_per_node": 110,
            "name": "default-node-pool",
            "name_prefix": "",
            "node_config": [
              {
                "boot_disk_kms_key": "",
                "disk_size_gb": 100,
                "disk_type": "pd-standard",
                "ephemeral_storage_config": [],
                "guest_accelerator": [],
                "image_type": "COS",
                "kubelet_config": [],
                "labels": {
                  "cluster_name": "joe-training-uok",
                  "node_pool": "default-node-pool"
                },
                "linux_node_config": [],
                "local_ssd_count": 0,
                "machine_type": "e2-medium",
                "metadata": {
                  "cluster_name": "joe-training-uok",
                  "disable-legacy-endpoints": "true",
                  "node_pool": "default-node-pool"
                },
                "min_cpu_platform": "",
                "oauth_scopes": [
                  "https://www.googleapis.com/auth/cloud-platform"
                ],
                "preemptible": false,
                "sandbox_config": [],
                "service_account": "tf-gke-joe-training-uo-6qhm@joe-training-uok.iam.gserviceaccount.com",
                "shielded_instance_config": [
                  {
                    "enable_integrity_monitoring": true,
                    "enable_secure_boot": false
                  }
                ],
                "tags": [
                  "gke-joe-training-uok",
                  "gke-joe-training-uok-default-node-pool"
                ],
                "taint": [],
                "workload_metadata_config": [
                  {
                    "node_metadata": "GKE_METADATA_SERVER"
                  }
                ]
              }
            ],
            "node_count": 1,
            "node_locations": [
              "northamerica-northeast1-a",
              "northamerica-northeast1-b",
              "northamerica-northeast1-c"
            ],
            "operation": null,
            "project": "joe-training-uok",
            "timeouts": {
              "create": "45m",
              "delete": "45m",
              "update": "45m"
            },
            "upgrade_settings": [
              {
                "max_surge": 1,
                "max_unavailable": 0
              }
            ],
            "version": "1.19.12-gke.2100"
          },
          "private": "eyJlMmJmYjczMC1lY2FhLTExZTYtOGY4OC0zNDM2M2JjN2M0YzAiOnsiY3JlYXRlIjoyNzAwMDAwMDAwMDAwLCJkZWxldGUiOjI3MDAwMDAwMDAwMDAsInVwZGF0ZSI6MjcwMDAwMDAwMDAwMH0sInNjaGVtYV92ZXJzaW9uIjoiMSJ9",
          "dependencies": [
            "data.google_compute_zones.available",
            "google_project.joe-training",
            "module.gke.data.google_compute_zones.available",
            "module.gke.data.google_container_engine_versions.region",
            "module.gke.data.google_container_engine_versions.zone",
            "module.gke.google_container_cluster.primary",
            "module.gke.google_service_account.cluster_service_account",
            "module.gke.random_shuffle.available_zones",
            "module.gke.random_string.cluster_service_account_suffix",
            "module.vpc.module.subnets.google_compute_subnetwork.subnetwork",
            "module.vpc.module.vpc.google_compute_network.network"
          ]
        }
      ]
    },
    {
      "module": "module.gke",
      "mode": "managed",
      "type": "google_project_iam_member",
      "name": "cluster_service_account-log_writer",
      "provider": "provider[\"registry.terraform.io/hashicorp/google\"]",
      "instances": [
        {
          "index_key": 0,
          "schema_version": 0,
          "attributes": {
            "condition": [],
            "etag": "BwXIiGuaiIw=",
            "id": "joe-training-uok/roles/logging.logWriter/serviceAccount:tf-gke-joe-training-uo-6qhm@joe-training-uok.iam.gserviceaccount.com",
            "member": "serviceAccount:tf-gke-joe-training-uo-6qhm@joe-training-uok.iam.gserviceaccount.com",
            "project": "joe-training-uok",
            "role": "roles/logging.logWriter"
          },
          "private": "bnVsbA==",
          "dependencies": [
            "google_project.joe-training",
            "module.gke.google_service_account.cluster_service_account",
            "module.gke.random_string.cluster_service_account_suffix"
          ]
        }
      ]
    },
    {
      "module": "module.gke",
      "mode": "managed",
      "type": "google_project_iam_member",
      "name": "cluster_service_account-metric_writer",
      "provider": "provider[\"registry.terraform.io/hashicorp/google\"]",
      "instances": [
        {
          "index_key": 0,
          "schema_version": 0,
          "attributes": {
            "condition": [],
            "etag": "BwXIiGuaiIw=",
            "id": "joe-training-uok/roles/monitoring.metricWriter/serviceAccount:tf-gke-joe-training-uo-6qhm@joe-training-uok.iam.gserviceaccount.com",
            "member": "serviceAccount:tf-gke-joe-training-uo-6qhm@joe-training-uok.iam.gserviceaccount.com",
            "project": "joe-training-uok",
            "role": "roles/monitoring.metricWriter"
          },
          "private": "bnVsbA==",
          "dependencies": [
            "google_project.joe-training",
            "module.gke.google_project_iam_member.cluster_service_account-log_writer",
            "module.gke.google_service_account.cluster_service_account",
            "module.gke.random_string.cluster_service_account_suffix"
          ]
        }
      ]
    },
    {
      "module": "module.gke",
      "mode": "managed",
      "type": "google_project_iam_member",
      "name": "cluster_service_account-monitoring_viewer",
      "provider": "provider[\"registry.terraform.io/hashicorp/google\"]",
      "instances": [
        {
          "index_key": 0,
          "schema_version": 0,
          "attributes": {
            "condition": [],
            "etag": "BwXIiGuaiIw=",
            "id": "joe-training-uok/roles/monitoring.viewer/serviceAccount:tf-gke-joe-training-uo-6qhm@joe-training-uok.iam.gserviceaccount.com",
            "member": "serviceAccount:tf-gke-joe-training-uo-6qhm@joe-training-uok.iam.gserviceaccount.com",
            "project": "joe-training-uok",
            "role": "roles/monitoring.viewer"
          },
          "private": "bnVsbA==",
          "dependencies": [
            "google_project.joe-training",
            "module.gke.google_project_iam_member.cluster_service_account-log_writer",
            "module.gke.google_project_iam_member.cluster_service_account-metric_writer",
            "module.gke.google_service_account.cluster_service_account",
            "module.gke.random_string.cluster_service_account_suffix"
          ]
        }
      ]
    },
    {
      "module": "module.gke",
      "mode": "managed",
      "type": "google_project_iam_member",
      "name": "cluster_service_account-resourceMetadata-writer",
      "provider": "provider[\"registry.terraform.io/hashicorp/google\"]",
      "instances": [
        {
          "index_key": 0,
          "schema_version": 0,
          "attributes": {
            "condition": [],
            "etag": "BwXIiGuaiIw=",
            "id": "joe-training-uok/roles/stackdriver.resourceMetadata.writer/serviceAccount:tf-gke-joe-training-uo-6qhm@joe-training-uok.iam.gserviceaccount.com",
            "member": "serviceAccount:tf-gke-joe-training-uo-6qhm@joe-training-uok.iam.gserviceaccount.com",
            "project": "joe-training-uok",
            "role": "roles/stackdriver.resourceMetadata.writer"
          },
          "private": "bnVsbA==",
          "dependencies": [
            "google_project.joe-training",
            "module.gke.google_project_iam_member.cluster_service_account-log_writer",
            "module.gke.google_project_iam_member.cluster_service_account-metric_writer",
            "module.gke.google_project_iam_member.cluster_service_account-monitoring_viewer",
            "module.gke.google_service_account.cluster_service_account",
            "module.gke.random_string.cluster_service_account_suffix"
          ]
        }
      ]
    },
    {
      "module": "module.gke",
      "mode": "managed",
      "type": "google_service_account",
      "name": "cluster_service_account",
      "provider": "provider[\"registry.terraform.io/hashicorp/google\"]",
      "instances": [
        {
          "index_key": 0,
          "schema_version": 0,
          "attributes": {
            "account_id": "tf-gke-joe-training-uo-6qhm",
            "description": "",
            "display_name": "Terraform-managed service account for cluster joe-training-uok",
            "email": "tf-gke-joe-training-uo-6qhm@joe-training-uok.iam.gserviceaccount.com",
            "id": "projects/joe-training-uok/serviceAccounts/tf-gke-joe-training-uo-6qhm@joe-training-uok.iam.gserviceaccount.com",
            "name": "projects/joe-training-uok/serviceAccounts/tf-gke-joe-training-uo-6qhm@joe-training-uok.iam.gserviceaccount.com",
            "project": "joe-training-uok",
            "timeouts": null,
            "unique_id": "102495758981403687189"
          },
          "private": "eyJlMmJmYjczMC1lY2FhLTExZTYtOGY4OC0zNDM2M2JjN2M0YzAiOnsiY3JlYXRlIjozMDAwMDAwMDAwMDB9fQ==",
          "dependencies": [
            "google_project.joe-training",
            "module.gke.random_string.cluster_service_account_suffix"
          ]
        }
      ]
    },
    {
      "module": "module.gke",
      "mode": "managed",
      "type": "random_shuffle",
      "name": "available_zones",
      "provider": "provider[\"registry.terraform.io/hashicorp/random\"]",
      "instances": [
        {
          "schema_version": 0,
          "attributes": {
            "id": "-",
            "input": [
              "northamerica-northeast1-a",
              "northamerica-northeast1-b",
              "northamerica-northeast1-c"
            ],
            "keepers": null,
            "result": [
              "northamerica-northeast1-c",
              "northamerica-northeast1-b",
              "northamerica-northeast1-a"
            ],
            "result_count": 3,
            "seed": null
          },
          "private": "bnVsbA==",
          "dependencies": [
            "module.gke.data.google_compute_zones.available"
          ]
        }
      ]
    },
    {
      "module": "module.gke",
      "mode": "managed",
      "type": "random_string",
      "name": "cluster_service_account_suffix",
      "provider": "provider[\"registry.terraform.io/hashicorp/random\"]",
      "instances": [
        {
          "schema_version": 1,
          "attributes": {
            "id": "6qhm",
            "keepers": null,
            "length": 4,
            "lower": true,
            "min_lower": 0,
            "min_numeric": 0,
            "min_special": 0,
            "min_upper": 0,
            "number": true,
            "override_special": null,
            "result": "6qhm",
            "special": false,
            "upper": false
          },
          "private": "eyJzY2hlbWFfdmVyc2lvbiI6IjEifQ=="
        }
      ]
    },
    {
      "module": "module.gke.module.gcloud_delete_default_kube_dns_configmap.module.gcloud_kubectl",
      "mode": "managed",
      "type": "null_resource",
      "name": "module_depends_on",
      "provider": "provider[\"registry.terraform.io/hashicorp/null\"]",
      "instances": [
        {
          "index_key": 0,
          "schema_version": 0,
          "attributes": {
            "id": "5376400696547646794",
            "triggers": {
              "value": "2"
            }
          },
          "private": "bnVsbA==",
          "dependencies": [
            "data.google_compute_zones.available",
            "google_project.joe-training",
            "module.gke.data.google_compute_zones.available",
            "module.gke.data.google_container_engine_versions.region",
            "module.gke.data.google_container_engine_versions.zone",
            "module.gke.google_container_cluster.primary",
            "module.gke.google_container_node_pool.pools",
            "module.gke.google_service_account.cluster_service_account",
            "module.gke.random_shuffle.available_zones",
            "module.gke.random_string.cluster_service_account_suffix",
            "module.vpc.module.subnets.google_compute_subnetwork.subnetwork",
            "module.vpc.module.vpc.google_compute_network.network"
          ]
        }
      ]
    },
    {
      "module": "module.vpc.module.subnets",
      "mode": "managed",
      "type": "google_compute_subnetwork",
      "name": "subnetwork",
      "provider": "provider[\"registry.terraform.io/hashicorp/google\"]",
      "instances": [
        {
          "index_key": "northamerica-northeast1/joe-training-subnet",
          "schema_version": 0,
          "attributes": {
            "creation_timestamp": "2021-08-01T17:10:34.325-07:00",
            "description": "",
            "fingerprint": null,
            "gateway_address": "10.121.0.1",
            "id": "projects/joe-training-uok/regions/northamerica-northeast1/subnetworks/joe-training-subnet",
            "ip_cidr_range": "10.121.0.0/20",
            "log_config": [],
            "name": "joe-training-subnet",
            "network": "https://www.googleapis.com/compute/v1/projects/joe-training-uok/global/networks/joe-training-network",
            "private_ip_google_access": false,
            "private_ipv6_google_access": "DISABLE_GOOGLE_ACCESS",
            "project": "joe-training-uok",
            "region": "northamerica-northeast1",
            "secondary_ip_range": [
              {
                "ip_cidr_range": "10.121.128.0/21",
                "range_name": "joe-training-sec-subnet"
              },
              {
                "ip_cidr_range": "10.121.64.0/22",
                "range_name": "joe-training-sec-subnet-two"
              }
            ],
            "self_link": "https://www.googleapis.com/compute/v1/projects/joe-training-uok/regions/northamerica-northeast1/subnetworks/joe-training-subnet",
            "timeouts": null
          },
          "private": "eyJlMmJmYjczMC1lY2FhLTExZTYtOGY4OC0zNDM2M2JjN2M0YzAiOnsiY3JlYXRlIjozNjAwMDAwMDAwMDAsImRlbGV0ZSI6MzYwMDAwMDAwMDAwLCJ1cGRhdGUiOjM2MDAwMDAwMDAwMH19",
          "dependencies": [
            "google_project.joe-training",
            "module.vpc.module.vpc.google_compute_network.network"
          ]
        }
      ]
    },
    {
      "module": "module.vpc.module.vpc",
      "mode": "managed",
      "type": "google_compute_network",
      "name": "network",
      "provider": "provider[\"registry.terraform.io/hashicorp/google\"]",
      "instances": [
        {
          "schema_version": 0,
          "attributes": {
            "auto_create_subnetworks": false,
            "delete_default_routes_on_create": false,
            "description": "",
            "gateway_ipv4": "",
            "id": "projects/joe-training-uok/global/networks/joe-training-network",
            "mtu": 0,
            "name": "joe-training-network",
            "project": "joe-training-uok",
            "routing_mode": "REGIONAL",
            "self_link": "https://www.googleapis.com/compute/v1/projects/joe-training-uok/global/networks/joe-training-network",
            "timeouts": null
          },
          "private": "eyJlMmJmYjczMC1lY2FhLTExZTYtOGY4OC0zNDM2M2JjN2M0YzAiOnsiY3JlYXRlIjoyNDAwMDAwMDAwMDAsImRlbGV0ZSI6MjQwMDAwMDAwMDAwLCJ1cGRhdGUiOjI0MDAwMDAwMDAwMH19",
          "dependencies": [
            "google_project.joe-training"
          ]
        }
      ]
    },
    {
      "module": "module.woerpress",
      "mode": "managed",
      "type": "helm_release",
      "name": "wordpress",
      "provider": "provider[\"registry.terraform.io/hashicorp/helm\"]",
      "instances": [
        {
          "index_key": 0,
          "schema_version": 0,
          "attributes": {
            "atomic": false,
            "chart": "wordpress",
            "cleanup_on_fail": true,
            "create_namespace": true,
            "dependency_update": false,
            "description": null,
            "devel": null,
            "disable_crd_hooks": false,
            "disable_openapi_validation": false,
            "disable_webhooks": false,
            "force_update": false,
            "id": "wordpress",
            "keyring": null,
            "lint": false,
            "manifest": null,
            "max_history": 0,
            "metadata": [
              {
                "app_version": "5.8.0",
                "chart": "wordpress",
                "name": "wordpress",
                "namespace": "wordpress",
                "revision": 2,
                "values": "{\"service\":{\"type\":\"LoadBalancer\"},\"wordpressBlogName\":\"joekhese.com\",\"wordpressEmail\":\"joekhese@gmail.com\",\"wordpressFirstName\":\"joseph\",\"wordpressLastName\":\"agbonkhese\",\"wordpressPassword\":\"YoijKLhhy190\",\"wordpressUsername\":\"jagbonkhese\"}",
                "version": "12.0.0"
              }
            ],
            "name": "wordpress",
            "namespace": "wordpress",
            "postrender": [],
            "recreate_pods": false,
            "render_subchart_notes": true,
            "replace": false,
            "repository": "https://charts.bitnami.com/bitnami",
            "repository_ca_file": null,
            "repository_cert_file": null,
            "repository_key_file": null,
            "repository_password": null,
            "repository_username": null,
            "reset_values": false,
            "reuse_values": false,
            "set": [],
            "set_sensitive": [],
            "skip_crds": false,
            "status": "deployed",
            "timeout": 300,
            "values": [
              "wordpressUsername: \"jagbonkhese\"\nwordpressPassword: \"YoijKLhhy190\"\nwordpressEmail:  \"joekhese@gmail.com\"\nwordpressFirstName: \"joseph\"\nwordpressLastName: \"agbonkhese\"\nwordpressBlogName: \"joekhese.com\"\nservice: \n  type: LoadBalancer"
            ],
            "verify": false,
            "version": "12.0.0",
            "wait": true,
            "wait_for_jobs": false
          },
          "private": "bnVsbA==",
          "dependencies": [
            "data.google_client_config.current",
            "module.gke.google_container_cluster.primary",
            "module.gke.google_container_node_pool.pools"
          ]
        }
      ]
    },
    {
      "module": "module.woerpress",
      "mode": "managed",
      "type": "null_resource",
      "name": "module_depends_on",
      "provider": "provider[\"registry.terraform.io/hashicorp/null\"]",
      "instances": [
        {
          "index_key": 0,
          "schema_version": 0,
          "attributes": {
            "id": "7479757684050249570",
            "triggers": {
              "value": "1"
            }
          },
          "private": "bnVsbA=="
        }
      ]
    },
    {
      "module": "module.woerpress",
      "mode": "managed",
      "type": "random_string",
      "name": "suffix",
      "provider": "provider[\"registry.terraform.io/hashicorp/random\"]",
      "instances": [
        {
          "schema_version": 1,
          "attributes": {
            "id": "mfu",
            "keepers": null,
            "length": 3,
            "lower": true,
            "min_lower": 0,
            "min_numeric": 0,
            "min_special": 0,
            "min_upper": 0,
            "number": false,
            "override_special": null,
            "result": "mfu",
            "special": false,
            "upper": false
          },
          "private": "eyJzY2hlbWFfdmVyc2lvbiI6IjEifQ=="
        }
      ]
    }
  ]
}
